
Microsoft Visual Studio Solution File, Format Version 12.00
# Visual Studio Version 17
VisualStudioVersion = 17.11.35312.102
MinimumVisualStudioVersion = 10.0.40219.1
Project("{FAE04EC0-301F-11D3-BF4B-00C04F79EFBC}") = "parkingstickerslot__g2", "parkingstickerslot__g2\parkingstickerslot__g2.csproj", "{3497A086-1827-4353-8C77-1E726207739C}"
EndProject
Global
	GlobalSection(SolutionConfigurationPlatforms) = preSolution
		Debug|Any CPU = Debug|Any CPU
		Release|Any CPU = Release|Any CPU
	EndGlobalSection
	GlobalSection(ProjectConfigurationPlatforms) = postSolution
		{3497A086-1827-4353-8C77-1E726207739C}.Debug|Any CPU.ActiveCfg = Debug|Any CPU
		{3497A086-1827-4353-8C77-1E726207739C}.Debug|Any CPU.Build.0 = Debug|Any CPU
		{3497A086-1827-4353-8C77-1E726207739C}.Release|Any CPU.ActiveCfg = Release|Any CPU
		{3497A086-1827-4353-8C77-1E726207739C}.Release|Any CPU.Build.0 = Release|Any CPU
	EndGlobalSection
	GlobalSection(SolutionProperties) = preSolution
		HideSolutionNode = FALSE
	EndGlobalSection
	GlobalSection(ExtensibilityGlobals) = postSolution
		SolutionGuid = {963660E7-CB7D-4C8C-B768-8A95B5C04955}
	EndGlobalSection
EndGlobal
